
Microsoft Visual Studio Solution File, Format Version 12.00
# Visual Studio 2012
Project("{FAE04EC0-301F-11D3-BF4B-00C04F79EFBC}") = "ForceSim.CSharp.Plugins", "ForceSim.CSharp.Plugins.csproj", "{04D45F39-8BC7-3509-FB52-D0D83F19EFC6}"
EndProject
Project("{FAE04EC0-301F-11D3-BF4B-00C04F79EFBC}") = "ForceSim.CSharp", "ForceSim.CSharp.csproj", "{ED9E6407-FDA6-3848-174B-D0AB10015004}"
EndProject
Project("{FAE04EC0-301F-11D3-BF4B-00C04F79EFBC}") = "ForceSim.CSharp.Editor", "ForceSim.CSharp.Editor.csproj", "{116554BB-B330-D22E-4106-7E9EA4F4B88B}"
EndProject
Global
	GlobalSection(SolutionConfigurationPlatforms) = preSolution
		Debug|Any CPU = Debug|Any CPU
		Release|Any CPU = Release|Any CPU
	EndGlobalSection
	GlobalSection(ProjectConfigurationPlatforms) = postSolution
		{04D45F39-8BC7-3509-FB52-D0D83F19EFC6}.Debug|Any CPU.ActiveCfg = Debug|Any CPU
		{04D45F39-8BC7-3509-FB52-D0D83F19EFC6}.Debug|Any CPU.Build.0 = Debug|Any CPU
		{04D45F39-8BC7-3509-FB52-D0D83F19EFC6}.Release|Any CPU.ActiveCfg = Release|Any CPU
		{04D45F39-8BC7-3509-FB52-D0D83F19EFC6}.Release|Any CPU.Build.0 = Release|Any CPU
		{ED9E6407-FDA6-3848-174B-D0AB10015004}.Debug|Any CPU.ActiveCfg = Debug|Any CPU
		{ED9E6407-FDA6-3848-174B-D0AB10015004}.Debug|Any CPU.Build.0 = Debug|Any CPU
		{ED9E6407-FDA6-3848-174B-D0AB10015004}.Release|Any CPU.ActiveCfg = Release|Any CPU
		{ED9E6407-FDA6-3848-174B-D0AB10015004}.Release|Any CPU.Build.0 = Release|Any CPU
		{116554BB-B330-D22E-4106-7E9EA4F4B88B}.Debug|Any CPU.ActiveCfg = Debug|Any CPU
		{116554BB-B330-D22E-4106-7E9EA4F4B88B}.Debug|Any CPU.Build.0 = Debug|Any CPU
		{116554BB-B330-D22E-4106-7E9EA4F4B88B}.Release|Any CPU.ActiveCfg = Release|Any CPU
		{116554BB-B330-D22E-4106-7E9EA4F4B88B}.Release|Any CPU.Build.0 = Release|Any CPU
	EndGlobalSection
	GlobalSection(SolutionProperties) = preSolution
		HideSolutionNode = FALSE
	EndGlobalSection
EndGlobal
